// !$*UTF8*$!
{
	archiveVersion = 1;
	classes = {
	};
	objectVersion = 50;
	objects = {

/* Begin PBXBuildFile section */
		2E7693AE20CCB8E80079663D /* AppDelegate.m in Sources */ = {isa = PBXBuildFile; fileRef = 2E7693AD20CCB8E80079663D /* AppDelegate.m */; };
		2E7693B120CCB8E80079663D /* ViewController.m in Sources */ = {isa = PBXBuildFile; fileRef = 2E7693B020CCB8E80079663D /* ViewController.m */; };
		2E7693B420CCB8E80079663D /* Main.storyboard in Resources */ = {isa = PBXBuildFile; fileRef = 2E7693B220CCB8E80079663D /* Main.storyboard */; };
		2E7693B620CCB8ED0079663D /* Assets.xcassets in Resources */ = {isa = PBXBuildFile; fileRef = 2E7693B520CCB8ED0079663D /* Assets.xcassets */; };
		2E7693B920CCB8ED0079663D /* LaunchScreen.storyboard in Resources */ = {isa = PBXBuildFile; fileRef = 2E7693B720CCB8ED0079663D /* LaunchScreen.storyboard */; };
		2E7693BC20CCB8ED0079663D /* main.m in Sources */ = {isa = PBXBuildFile; fileRef = 2E7693BB20CCB8ED0079663D /* main.m */; };
/* End PBXBuildFile section */

/* Begin PBXFileReference section */
		2E7693A920CCB8E80079663D /* MLTestApp.app */ = {isa = PBXFileReference; explicitFileType = wrapper.application; includeInIndex = 0; path = MLTestApp.app; sourceTree = BUILT_PRODUCTS_DIR; };
		2E7693AC20CCB8E80079663D /* AppDelegate.h */ = {isa = PBXFileReference; lastKnownFileType = sourcecode.c.h; path = AppDelegate.h; sourceTree = "<group>"; };
		2E7693AD20CCB8E80079663D /* AppDelegate.m */ = {isa = PBXFileReference; lastKnownFileType = sourcecode.c.objc; path = AppDelegate.m; sourceTree = "<group>"; };
		2E7693AF20CCB8E80079663D /* ViewController.h */ = {isa = PBXFileReference; lastKnownFileType = sourcecode.c.h; path = ViewController.h; sourceTree = "<group>"; };
		2E7693B020CCB8E80079663D /* ViewController.m */ = {isa = PBXFileReference; lastKnownFileType = sourcecode.c.objc; path = ViewController.m; sourceTree = "<group>"; };
		2E7693B320CCB8E80079663D /* Base */ = {isa = PBXFileReference; lastKnownFileType = file.storyboard; name = Base; path = Base.lproj/Main.storyboard; sourceTree = "<group>"; };
		2E7693B520CCB8ED0079663D /* Assets.xcassets */ = {isa = PBXFileReference; lastKnownFileType = folder.assetcatalog; path = Assets.xcassets; sourceTree = "<group>"; };
		2E7693B820CCB8ED0079663D /* Base */ = {isa = PBXFileReference; lastKnownFileType = file.storyboard; name = Base; path = Base.lproj/LaunchScreen.storyboard; sourceTree = "<group>"; };
		2E7693BA20CCB8ED0079663D /* Info.plist */ = {isa = PBXFileReference; lastKnownFileType = text.plist.xml; path = Info.plist; sourceTree = "<group>"; };
		2E7693BB20CCB8ED0079663D /* main.m */ = {isa = PBXFileReference; lastKnownFileType = sourcecode.c.objc; path = main.m; sourceTree = "<group>"; };
/* End PBXFileReference section */

/* Begin PBXFrameworksBuildPhase section */
		2E7693A620CCB8E80079663D /* Frameworks */ = {
			isa = PBXFrameworksBuildPhase;
			buildActionMask = 2147483647;
			files = (
			);
			runOnlyForDeploymentPostprocessing = 0;
		};
/* End PBXFrameworksBuildPhase section */

/* Begin PBXGroup section */
		2E7693A020CCB8E80079663D = {
			isa = PBXGroup;
			children = (
				2E7693AB20CCB8E80079663D /* MLTestApp */,
				2E7693AA20CCB8E80079663D /* Products */,
			);
			sourceTree = "<group>";
		};
		2E7693AA20CCB8E80079663D /* Products */ = {
			isa = PBXGroup;
			children = (
				2E7693A920CCB8E80079663D /* MLTestApp.app */,
			);
			name = Products;
			sourceTree = "<group>";
		};
		2E7693AB20CCB8E80079663D /* MLTestApp */ = {
			isa = PBXGroup;
			children = (
				2E7693AC20CCB8E80079663D /* AppDelegate.h */,
				2E7693AD20CCB8E80079663D /* AppDelegate.m */,
				2E7693AF20CCB8E80079663D /* ViewController.h */,
				2E7693B020CCB8E80079663D /* ViewController.m */,
				2E7693B220CCB8E80079663D /* Main.storyboard */,
				2E7693B520CCB8ED0079663D /* Assets.xcassets */,
				2E7693B720CCB8ED0079663D /* LaunchScreen.storyboard */,
				2E7693BA20CCB8ED0079663D /* Info.plist */,
				2E7693BB20CCB8ED0079663D /* main.m */,
			);
			path = MLTestApp;
			sourceTree = "<group>";
		};
/* End PBXGroup section */

/* Begin PBXNativeTarget section */
		2E7693A820CCB8E80079663D /* MLTestApp */ = {
			isa = PBXNativeTarget;
			buildConfigurationList = 2E7693BF20CCB8ED0079663D /* Build configuration list for PBXNativeTarget "MLTestApp" */;
			buildPhases = (
				2E7693A520CCB8E80079663D /* Sources */,
				2E7693A620CCB8E80079663D /* Frameworks */,
				2E7693A720CCB8E80079663D /* Resources */,
			);
			buildRules = (
			);
			dependencies = (
			);
			name = MLTestApp;
			productName = MLTestApp;
			productReference = 2E7693A920CCB8E80079663D /* MLTestApp.app */;
			productType = "com.apple.product-type.application";
		};
/* End PBXNativeTarget section */

/* Begin PBXProject section */
		2E7693A120CCB8E80079663D /* Project object */ = {
			isa = PBXProject;
			attributes = {
				LastUpgradeCheck = 0930;
				ORGANIZATIONNAME = "Rhonny Gonzalez";
				TargetAttributes = {
					2E7693A820CCB8E80079663D = {
						CreatedOnToolsVersion = 9.3;
					};
				};
			};
			buildConfigurationList = 2E7693A420CCB8E80079663D /* Build configuration list for PBXProject "MLTestApp" */;
			compatibilityVersion = "Xcode 9.3";
			developmentRegion = en;
			hasScannedForEncodings = 0;
			knownRegions = (
				en,
				Base,
			);
			mainGroup = 2E7693A020CCB8E80079663D;
			productRefGroup = 2E7693AA20CCB8E80079663D /* Products */;
			projectDirPath = "";
			projectRoot = "";
			targets = (
				2E7693A820CCB8E80079663D /* MLTestApp */,
			);
		};
/* End PBXProject section */

/* Begin PBXResourcesBuildPhase section */
		2E7693A720CCB8E80079663D /* Resources */ = {
			isa = PBXResourcesBuildPhase;
			buildActionMask = 2147483647;
			files = (
				2E7693B920CCB8ED0079663D /* LaunchScreen.storyboard in Resources */,
				2E7693B620CCB8ED0079663D /* Assets.xcassets in Resources */,
				2E7693B420CCB8E80079663D /* Main.storyboard in Resources */,
			);
			runOnlyForDeploymentPostprocessing = 0;
		};
/* End PBXResourcesBuildPhase section */

/* Begin PBXSourcesBuildPhase section */
		2E7693A520CCB8E80079663D /* Sources */ = {
			isa = PBXSourcesBuildPhase;
			buildActionMask = 2147483647;
			files = (
				2E7693B120CCB8E80079663D /* ViewController.m in Sources */,
				2E7693BC20CCB8ED0079663D /* main.m in Sources */,
				2E7693AE20CCB8E80079663D /* AppDelegate.m in Sources */,
			);
			runOnlyForDeploymentPostprocessing = 0;
		};
/* End PBXSourcesBuildPhase section */

/* Begin PBXVariantGroup section */
		2E7693B220CCB8E80079663D /* Main.storyboard */ = {
			isa = PBXVariantGroup;
			children = (
				2E7693B320CCB8E80079663D /* Base */,
			);
			name = Main.storyboard;
			sourceTree = "<group>";
		};
		2E7693B720CCB8ED0079663D /* LaunchScreen.storyboard */ = {
			isa = PBXVariantGroup;
			children = (
				2E7693B820CCB8ED0079663D /* Base */,
			);
			name = LaunchScreen.storyboard;
			sourceTree = "<group>";
		};
/* End PBXVariantGroup section */

/* Begin XCBuildConfiguration section */
		2E7693BD20CCB8ED0079663D /* Debug */ = {
			isa = XCBuildConfiguration;
			buildSettings = {
				ALWAYS_SEARCH_USER_PATHS = NO;
				CLANG_ANALYZER_NONNULL = YES;
				CLANG_ANALYZER_NUMBER_OBJECT_CONVERSION = YES_AGGRESSIVE;
				CLANG_CXX_LANGUAGE_STANDARD = "gnu++14";
				CLANG_CXX_LIBRARY = "libc++";
				CLANG_ENABLE_MODULES = YES;
				CLANG_ENABLE_OBJC_ARC = YES;
				CLANG_ENABLE_OBJC_WEAK = YES;
				CLANG_WARN_BLOCK_CAPTURE_AUTORELEASING = YES;
				CLANG_WARN_BOOL_CONVERSION = YES;
				CLANG_WARN_COMMA = YES;
				CLANG_WARN_CONSTANT_CONVERSION = YES;
				CLANG_WARN_DEPRECATED_OBJC_IMPLEMENTATIONS = YES;
				CLANG_WARN_DIRECT_OBJC_ISA_USAGE = YES_ERROR;
				CLANG_WARN_DOCUMENTATION_COMMENTS = YES;
				CLANG_WARN_EMPTY_BODY = YES;
				CLANG_WARN_ENUM_CONVERSION = YES;
				CLANG_WARN_INFINITE_RECURSION = YES;
				CLANG_WARN_INT_CONVERSION = YES;
				CLANG_WARN_NON_LITERAL_NULL_CONVERSION = YES;
				CLANG_WARN_OBJC_IMPLICIT_RETAIN_SELF = YES;
				CLANG_WARN_OBJC_LITERAL_CONVERSION = YES;
				CLANG_WARN_OBJC_ROOT_CLASS = YES_ERROR;
				CLANG_WARN_RANGE_LOOP_ANALYSIS = YES;
				CLANG_WARN_STRICT_PROTOTYPES = YES;
				CLANG_WARN_SUSPICIOUS_MOVE = YES;
				CLANG_WARN_UNGUARDED_AVAILABILITY = YES_AGGRESSIVE;
				CLANG_WARN_UNREACHABLE_CODE = YES;
				CLANG_WARN__DUPLICATE_METHOD_MATCH = YES;
				CODE_SIGN_IDENTITY = "iPhone Developer";
				COPY_PHASE_STRIP = NO;
				DEBUG_INFORMATION_FORMAT = dwarf;
				ENABLE_STRICT_OBJC_MSGSEND = YES;
				ENABLE_TESTABILITY = YES;
				GCC_C_LANGUAGE_STANDARD = gnu11;
				GCC_DYNAMIC_NO_PIC = NO;
				GCC_NO_COMMON_BLOCKS = YES;
				GCC_OPTIMIZATION_LEVEL = 0;
				GCC_PREPROCESSOR_DEFINITIONS = (
					"DEBUG=1",
					"$(inherited)",
				);
				GCC_WARN_64_TO_32_BIT_CONVERSION = YES;
				GCC_WARN_ABOUT_RETURN_TYPE = YES_ERROR;
				GCC_WARN_UNDECLARED_SELECTOR = YES;
				GCC_WARN_UNINITIALIZED_AUTOS = YES_AGGRESSIVE;
				GCC_WARN_UNUSED_FUNCTION = YES;
				GCC_WARN_UNUSED_VARIABLE = YES;
				IPHONEOS_DEPLOYMENT_TARGET = 11.3;
				MTL_ENABLE_DEBUG_INFO = YES;
				ONLY_ACTIVE_ARCH = YES;
				SDKROOT = iphoneos;
			};
			name = Debug;
		};
		2E7693BE20CCB8ED0079663D /* Release */ = {
			isa = XCBuildConfiguration;
			buildSettings = {
				ALWAYS_SEARCH_USER_PATHS = NO;
				CLANG_ANALYZER_NONNULL = YES;
				CLANG_ANALYZER_NUMBER_OBJECT_CONVERSION = YES_AGGRESSIVE;
				CLANG_CXX_LANGUAGE_STANDARD = "gnu++14";
				CLANG_CXX_LIBRARY = "libc++";
				CLANG_ENABLE_MODULES = YES;
				CLANG_ENABLE_OBJC_ARC = YES;
				CLANG_ENABLE_OBJC_WEAK = YES;
				CLANG_WARN_BLOCK_CAPTURE_AUTORELEASING = YES;
				CLANG_WARN_BOOL_CONVERSION = YES;
				CLANG_WARN_COMMA = YES;
				CLANG_WARN_CONSTANT_CONVERSION = YES;
				CLANG_WARN_DEPRECATED_OBJC_IMPLEMENTATIONS = YES;
				CLANG_WARN_DIRECT_OBJC_ISA_USAGE = YES_ERROR;
				CLANG_WARN_DOCUMENTATION_COMMENTS = YES;
				CLANG_WARN_EMPTY_BODY = YES;
				CLANG_WARN_ENUM_CONVERSION = YES;
				CLANG_WARN_INFINITE_RECURSION = YES;
				CLANG_WARN_INT_CONVERSION = YES;
				CLANG_WARN_NON_LITERAL_NULL_CONVERSION = YES;
				CLANG_WARN_OBJC_IMPLICIT_RETAIN_SELF = YES;
				CLANG_WARN_OBJC_LITERAL_CONVERSION = YES;
				CLANG_WARN_OBJC_ROOT_CLASS = YES_ERROR;
				CLANG_WARN_RANGE_LOOP_ANALYSIS = YES;
				CLANG_WARN_STRICT_PROTOTYPES = YES;
				CLANG_WARN_SUSPICIOUS_MOVE = YES;
				CLANG_WARN_UNGUARDED_AVAILABILITY = YES_AGGRESSIVE;
				CLANG_WARN_UNREACHABLE_CODE = YES;
				CLANG_WARN__DUPLICATE_METHOD_MATCH = YES;
				CODE_SIGN_IDENTITY = "iPhone Developer";
				COPY_PHASE_STRIP = NO;
				DEBUG_INFORMATION_FORMAT = "dwarf-with-dsym";
				ENABLE_NS_ASSERTIONS = NO;
				ENABLE_STRICT_OBJC_MSGSEND = YES;
				GCC_C_LANGUAGE_STANDARD = gnu11;
				GCC_NO_COMMON_BLOCKS = YES;
				GCC_WARN_64_TO_32_BIT_CONVERSION = YES;
				GCC_WARN_ABOUT_RETURN_TYPE = YES_ERROR;
				GCC_WARN_UNDECLARED_SELECTOR = YES;
				GCC_WARN_UNINITIALIZED_AUTOS = YES_AGGRESSIVE;
				GCC_WARN_UNUSED_FUNCTION = YES;
				GCC_WARN_UNUSED_VARIABLE = YES;
				IPHONEOS_DEPLOYMENT_TARGET = 11.3;
				MTL_ENABLE_DEBUG_INFO = NO;
				SDKROOT = iphoneos;
				VALIDATE_PRODUCT = YES;
			};
			name = Release;
		};
		2E7693C020CCB8ED0079663D /* Debug */ = {
			isa = XCBuildConfiguration;
			buildSettings = {
				ASSETCATALOG_COMPILER_APPICON_NAME = AppIcon;
				CODE_SIGN_STYLE = Automatic;
				DEVELOPMENT_TEAM = XZ9Z7WDLZ9;
				INFOPLIST_FILE = MLTestApp/Info.plist;
				LD_RUNPATH_SEARCH_PATHS = (
					"$(inherited)",
					"@executable_path/Frameworks",
				);
				PRODUCT_BUNDLE_IDENTIFIER = com.RnyG.MLTestApp;
				PRODUCT_NAME = "$(TARGET_NAME)";
				TARGETED_DEVICE_FAMILY = "1,2";
			};
			name = Debug;
		};
		2E7693C120CCB8ED0079663D /* Release */ = {
			isa = XCBuildConfiguration;
			buildSettings = {
				ASSETCATALOG_COMPILER_APPICON_NAME = AppIcon;
				CODE_SIGN_STYLE = Automatic;
				DEVELOPMENT_TEAM = XZ9Z7WDLZ9;
				INFOPLIST_FILE = MLTestApp/Info.plist;
				LD_RUNPATH_SEARCH_PATHS = (
					"$(inherited)",
					"@executable_path/Frameworks",
				);
				PRODUCT_BUNDLE_IDENTIFIER = com.RnyG.MLTestApp;
				PRODUCT_NAME = "$(TARGET_NAME)";
				TARGETED_DEVICE_FAMILY = "1,2";
			};
			name = Release;
		};
/* End XCBuildConfiguration section */

/* Begin XCConfigurationList section */
		2E7693A420CCB8E80079663D /* Build configuration list for PBXProject "MLTestApp" */ = {
			isa = XCConfigurationList;
			buildConfigurations = (
				2E7693BD20CCB8ED0079663D /* Debug */,
				2E7693BE20CCB8ED0079663D /* Release */,
			);
			defaultConfigurationIsVisible = 0;
			defaultConfigurationName = Release;
		};
		2E7693BF20CCB8ED0079663D /* Build configuration list for PBXNativeTarget "MLTestApp" */ = {
			isa = XCConfigurationList;
			buildConfigurations = (
				2E7693C020CCB8ED0079663D /* Debug */,
				2E7693C120CCB8ED0079663D /* Release */,
			);
			defaultConfigurationIsVisible = 0;
			defaultConfigurationName = Release;
		};
/* End XCConfigurationList section */
	};
	rootObject = 2E7693A120CCB8E80079663D /* Project object */;
}
